
Microsoft Visual Studio Solution File, Format Version 12.00
# Visual Studio Version 17
VisualStudioVersion = 17.0.31903.59
MinimumVisualStudioVersion = 10.0.40219.1
Project("{FAE04EC0-301F-11D3-BF4B-00C04F79EFBC}") = "NamesBank", "NamesBank\NamesBank.csproj", "{F283A2D5-B468-45F2-8B3E-33761BFECE13}"
EndProject
Project("{FAE04EC0-301F-11D3-BF4B-00C04F79EFBC}") = "NamesBank.Tests", "NamesBankTests\NamesBank.Tests.csproj", "{0AFE09C8-E51C-4652-89D1-12781D4D49FF}"
EndProject
Project("{2150E333-8FDC-42A3-9474-1A3956D46DE8}") = "Solution Items", "Solution Items", "{5D2DA608-75BC-40F7-8D9F-9C65FE803158}"
	ProjectSection(SolutionItems) = preProject
		SonarQube.Analysis.xml = SonarQube.Analysis.xml
	EndProjectSection
EndProject
Global
	GlobalSection(SolutionConfigurationPlatforms) = preSolution
		Debug|Any CPU = Debug|Any CPU
		Release|Any CPU = Release|Any CPU
	EndGlobalSection
	GlobalSection(ProjectConfigurationPlatforms) = postSolution
		{F283A2D5-B468-45F2-8B3E-33761BFECE13}.Debug|Any CPU.ActiveCfg = Debug|Any CPU
		{F283A2D5-B468-45F2-8B3E-33761BFECE13}.Debug|Any CPU.Build.0 = Debug|Any CPU
		{F283A2D5-B468-45F2-8B3E-33761BFECE13}.Release|Any CPU.ActiveCfg = Release|Any CPU
		{F283A2D5-B468-45F2-8B3E-33761BFECE13}.Release|Any CPU.Build.0 = Release|Any CPU
		{0AFE09C8-E51C-4652-89D1-12781D4D49FF}.Debug|Any CPU.ActiveCfg = Debug|Any CPU
		{0AFE09C8-E51C-4652-89D1-12781D4D49FF}.Debug|Any CPU.Build.0 = Debug|Any CPU
		{0AFE09C8-E51C-4652-89D1-12781D4D49FF}.Release|Any CPU.ActiveCfg = Release|Any CPU
		{0AFE09C8-E51C-4652-89D1-12781D4D49FF}.Release|Any CPU.Build.0 = Release|Any CPU
	EndGlobalSection
	GlobalSection(SolutionProperties) = preSolution
		HideSolutionNode = FALSE
	EndGlobalSection
EndGlobal
